// !$*UTF8*$!
{
	archiveVersion = 1;
	classes = {
	};
	objectVersion = 51;
	objects = {

/* Begin PBXBuildFile section */
		4037168ADB78EB372C19774C /* Pods_FlixTests.framework in Frameworks */ = {isa = PBXBuildFile; fileRef = C9E59EAE91CEE8213BA10EB2 /* Pods_FlixTests.framework */; };
		41C0AEAD8E08A12C96500868 /* Pods_Flix.framework in Frameworks */ = {isa = PBXBuildFile; fileRef = 9D09A830EC04184A3833CE9D /* Pods_Flix.framework */; };
		46BE9B92D6B8CA0D10DC4C70 /* Pods_Flix_FlixUITests.framework in Frameworks */ = {isa = PBXBuildFile; fileRef = 7167A98112E68AC9B78FFA44 /* Pods_Flix_FlixUITests.framework */; };
		EB2C09D623D6BCDC009F864C /* AppDelegate.swift in Sources */ = {isa = PBXBuildFile; fileRef = EB2C09D523D6BCDC009F864C /* AppDelegate.swift */; };
		EB2C09D823D6BCDC009F864C /* ViewController.swift in Sources */ = {isa = PBXBuildFile; fileRef = EB2C09D723D6BCDC009F864C /* ViewController.swift */; };
		EB2C09DB23D6BCDC009F864C /* Main.storyboard in Resources */ = {isa = PBXBuildFile; fileRef = EB2C09D923D6BCDC009F864C /* Main.storyboard */; };
		EB2C09DD23D6BCDD009F864C /* Assets.xcassets in Resources */ = {isa = PBXBuildFile; fileRef = EB2C09DC23D6BCDD009F864C /* Assets.xcassets */; };
		EB2C09E023D6BCDD009F864C /* LaunchScreen.storyboard in Resources */ = {isa = PBXBuildFile; fileRef = EB2C09DE23D6BCDD009F864C /* LaunchScreen.storyboard */; };
		EB2C09EB23D6BCDE009F864C /* FlixTests.swift in Sources */ = {isa = PBXBuildFile; fileRef = EB2C09EA23D6BCDE009F864C /* FlixTests.swift */; };
		EB2C09F623D6BCDE009F864C /* FlixUITests.swift in Sources */ = {isa = PBXBuildFile; fileRef = EB2C09F523D6BCDE009F864C /* FlixUITests.swift */; };
		EB2C0A0823D6CCAF009F864C /* MovieCell.swift in Sources */ = {isa = PBXBuildFile; fileRef = EB2C0A0723D6CCAF009F864C /* MovieCell.swift */; };
/* End PBXBuildFile section */

/* Begin PBXContainerItemProxy section */
		EB2C09E723D6BCDE009F864C /* PBXContainerItemProxy */ = {
			isa = PBXContainerItemProxy;
			containerPortal = EB2C09CA23D6BCDC009F864C /* Project object */;
			proxyType = 1;
			remoteGlobalIDString = EB2C09D123D6BCDC009F864C;
			remoteInfo = Flix;
		};
		EB2C09F223D6BCDE009F864C /* PBXContainerItemProxy */ = {
			isa = PBXContainerItemProxy;
			containerPortal = EB2C09CA23D6BCDC009F864C /* Project object */;
			proxyType = 1;
			remoteGlobalIDString = EB2C09D123D6BCDC009F864C;
			remoteInfo = Flix;
		};
/* End PBXContainerItemProxy section */

/* Begin PBXFileReference section */
		29FF5F5BC9BBCCCC0FE2BB43 /* Pods-Flix.release.xcconfig */ = {isa = PBXFileReference; includeInIndex = 1; lastKnownFileType = text.xcconfig; name = "Pods-Flix.release.xcconfig"; path = "Target Support Files/Pods-Flix/Pods-Flix.release.xcconfig"; sourceTree = "<group>"; };
		7167A98112E68AC9B78FFA44 /* Pods_Flix_FlixUITests.framework */ = {isa = PBXFileReference; explicitFileType = wrapper.framework; includeInIndex = 0; path = Pods_Flix_FlixUITests.framework; sourceTree = BUILT_PRODUCTS_DIR; };
		7BCD3B27D21BBD7F0A028EF0 /* Pods-Flix-FlixUITests.release.xcconfig */ = {isa = PBXFileReference; includeInIndex = 1; lastKnownFileType = text.xcconfig; name = "Pods-Flix-FlixUITests.release.xcconfig"; path = "Target Support Files/Pods-Flix-FlixUITests/Pods-Flix-FlixUITests.release.xcconfig"; sourceTree = "<group>"; };
		83C75DBD86C4B5CDD6E43D5A /* Pods-Flix-FlixUITests.debug.xcconfig */ = {isa = PBXFileReference; includeInIndex = 1; lastKnownFileType = text.xcconfig; name = "Pods-Flix-FlixUITests.debug.xcconfig"; path = "Target Support Files/Pods-Flix-FlixUITests/Pods-Flix-FlixUITests.debug.xcconfig"; sourceTree = "<group>"; };
		89E77E14FCB1240292D8D1E7 /* Pods-Flix.debug.xcconfig */ = {isa = PBXFileReference; includeInIndex = 1; lastKnownFileType = text.xcconfig; name = "Pods-Flix.debug.xcconfig"; path = "Target Support Files/Pods-Flix/Pods-Flix.debug.xcconfig"; sourceTree = "<group>"; };
		9D09A830EC04184A3833CE9D /* Pods_Flix.framework */ = {isa = PBXFileReference; explicitFileType = wrapper.framework; includeInIndex = 0; path = Pods_Flix.framework; sourceTree = BUILT_PRODUCTS_DIR; };
		C9E59EAE91CEE8213BA10EB2 /* Pods_FlixTests.framework */ = {isa = PBXFileReference; explicitFileType = wrapper.framework; includeInIndex = 0; path = Pods_FlixTests.framework; sourceTree = BUILT_PRODUCTS_DIR; };
		CE6745814672D292F8F86476 /* Pods-FlixTests.release.xcconfig */ = {isa = PBXFileReference; includeInIndex = 1; lastKnownFileType = text.xcconfig; name = "Pods-FlixTests.release.xcconfig"; path = "Target Support Files/Pods-FlixTests/Pods-FlixTests.release.xcconfig"; sourceTree = "<group>"; };
		E6226539785DEF18D4A2450C /* Pods-FlixTests.debug.xcconfig */ = {isa = PBXFileReference; includeInIndex = 1; lastKnownFileType = text.xcconfig; name = "Pods-FlixTests.debug.xcconfig"; path = "Target Support Files/Pods-FlixTests/Pods-FlixTests.debug.xcconfig"; sourceTree = "<group>"; };
		EB2C09D223D6BCDC009F864C /* Flix.app */ = {isa = PBXFileReference; explicitFileType = wrapper.application; includeInIndex = 0; path = Flix.app; sourceTree = BUILT_PRODUCTS_DIR; };
		EB2C09D523D6BCDC009F864C /* AppDelegate.swift */ = {isa = PBXFileReference; lastKnownFileType = sourcecode.swift; path = AppDelegate.swift; sourceTree = "<group>"; };
		EB2C09D723D6BCDC009F864C /* ViewController.swift */ = {isa = PBXFileReference; lastKnownFileType = sourcecode.swift; path = ViewController.swift; sourceTree = "<group>"; };
		EB2C09DA23D6BCDC009F864C /* Base */ = {isa = PBXFileReference; lastKnownFileType = file.storyboard; name = Base; path = Base.lproj/Main.storyboard; sourceTree = "<group>"; };
		EB2C09DC23D6BCDD009F864C /* Assets.xcassets */ = {isa = PBXFileReference; lastKnownFileType = folder.assetcatalog; path = Assets.xcassets; sourceTree = "<group>"; };
		EB2C09DF23D6BCDD009F864C /* Base */ = {isa = PBXFileReference; lastKnownFileType = file.storyboard; name = Base; path = Base.lproj/LaunchScreen.storyboard; sourceTree = "<group>"; };
		EB2C09E123D6BCDD009F864C /* Info.plist */ = {isa = PBXFileReference; lastKnownFileType = text.plist.xml; path = Info.plist; sourceTree = "<group>"; };
		EB2C09E623D6BCDE009F864C /* FlixTests.xctest */ = {isa = PBXFileReference; explicitFileType = wrapper.cfbundle; includeInIndex = 0; path = FlixTests.xctest; sourceTree = BUILT_PRODUCTS_DIR; };
		EB2C09EA23D6BCDE009F864C /* FlixTests.swift */ = {isa = PBXFileReference; lastKnownFileType = sourcecode.swift; path = FlixTests.swift; sourceTree = "<group>"; };
		EB2C09EC23D6BCDE009F864C /* Info.plist */ = {isa = PBXFileReference; lastKnownFileType = text.plist.xml; path = Info.plist; sourceTree = "<group>"; };
		EB2C09F123D6BCDE009F864C /* FlixUITests.xctest */ = {isa = PBXFileReference; explicitFileType = wrapper.cfbundle; includeInIndex = 0; path = FlixUITests.xctest; sourceTree = BUILT_PRODUCTS_DIR; };
		EB2C09F523D6BCDE009F864C /* FlixUITests.swift */ = {isa = PBXFileReference; lastKnownFileType = sourcecode.swift; path = FlixUITests.swift; sourceTree = "<group>"; };
		EB2C09F723D6BCDE009F864C /* Info.plist */ = {isa = PBXFileReference; lastKnownFileType = text.plist.xml; path = Info.plist; sourceTree = "<group>"; };
		EB2C0A0723D6CCAF009F864C /* MovieCell.swift */ = {isa = PBXFileReference; lastKnownFileType = sourcecode.swift; name = MovieCell.swift; path = Flix/MovieCell.swift; sourceTree = "<group>"; };
/* End PBXFileReference section */

/* Begin PBXFrameworksBuildPhase section */
		EB2C09CF23D6BCDC009F864C /* Frameworks */ = {
			isa = PBXFrameworksBuildPhase;
			buildActionMask = 2147483647;
			files = (
				41C0AEAD8E08A12C96500868 /* Pods_Flix.framework in Frameworks */,
			);
			runOnlyForDeploymentPostprocessing = 0;
		};
		EB2C09E323D6BCDE009F864C /* Frameworks */ = {
			isa = PBXFrameworksBuildPhase;
			buildActionMask = 2147483647;
			files = (
				4037168ADB78EB372C19774C /* Pods_FlixTests.framework in Frameworks */,
			);
			runOnlyForDeploymentPostprocessing = 0;
		};
		EB2C09EE23D6BCDE009F864C /* Frameworks */ = {
			isa = PBXFrameworksBuildPhase;
			buildActionMask = 2147483647;
			files = (
				46BE9B92D6B8CA0D10DC4C70 /* Pods_Flix_FlixUITests.framework in Frameworks */,
			);
			runOnlyForDeploymentPostprocessing = 0;
		};
/* End PBXFrameworksBuildPhase section */

/* Begin PBXGroup section */
		25E1D013F12BAA46E388D063 /* Frameworks */ = {
			isa = PBXGroup;
			children = (
				9D09A830EC04184A3833CE9D /* Pods_Flix.framework */,
				7167A98112E68AC9B78FFA44 /* Pods_Flix_FlixUITests.framework */,
				C9E59EAE91CEE8213BA10EB2 /* Pods_FlixTests.framework */,
			);
			name = Frameworks;
			sourceTree = "<group>";
		};
		C4C9E0D29305757D6B95AE1D /* Pods */ = {
			isa = PBXGroup;
			children = (
				89E77E14FCB1240292D8D1E7 /* Pods-Flix.debug.xcconfig */,
				29FF5F5BC9BBCCCC0FE2BB43 /* Pods-Flix.release.xcconfig */,
				83C75DBD86C4B5CDD6E43D5A /* Pods-Flix-FlixUITests.debug.xcconfig */,
				7BCD3B27D21BBD7F0A028EF0 /* Pods-Flix-FlixUITests.release.xcconfig */,
				E6226539785DEF18D4A2450C /* Pods-FlixTests.debug.xcconfig */,
				CE6745814672D292F8F86476 /* Pods-FlixTests.release.xcconfig */,
			);
			path = Pods;
			sourceTree = "<group>";
		};
		EB2C09C923D6BCDC009F864C = {
			isa = PBXGroup;
			children = (
				EB2C0A0723D6CCAF009F864C /* MovieCell.swift */,
				EB2C09D423D6BCDC009F864C /* Flix */,
				EB2C09E923D6BCDE009F864C /* FlixTests */,
				EB2C09F423D6BCDE009F864C /* FlixUITests */,
				EB2C09D323D6BCDC009F864C /* Products */,
				C4C9E0D29305757D6B95AE1D /* Pods */,
				25E1D013F12BAA46E388D063 /* Frameworks */,
			);
			sourceTree = "<group>";
		};
		EB2C09D323D6BCDC009F864C /* Products */ = {
			isa = PBXGroup;
			children = (
				EB2C09D223D6BCDC009F864C /* Flix.app */,
				EB2C09E623D6BCDE009F864C /* FlixTests.xctest */,
				EB2C09F123D6BCDE009F864C /* FlixUITests.xctest */,
			);
			name = Products;
			sourceTree = "<group>";
		};
		EB2C09D423D6BCDC009F864C /* Flix */ = {
			isa = PBXGroup;
			children = (
				EB2C09D523D6BCDC009F864C /* AppDelegate.swift */,
				EB2C09D723D6BCDC009F864C /* ViewController.swift */,
				EB2C09D923D6BCDC009F864C /* Main.storyboard */,
				EB2C09DC23D6BCDD009F864C /* Assets.xcassets */,
				EB2C09DE23D6BCDD009F864C /* LaunchScreen.storyboard */,
				EB2C09E123D6BCDD009F864C /* Info.plist */,
			);
			path = Flix;
			sourceTree = "<group>";
		};
		EB2C09E923D6BCDE009F864C /* FlixTests */ = {
			isa = PBXGroup;
			children = (
				EB2C09EA23D6BCDE009F864C /* FlixTests.swift */,
				EB2C09EC23D6BCDE009F864C /* Info.plist */,
			);
			path = FlixTests;
			sourceTree = "<group>";
		};
		EB2C09F423D6BCDE009F864C /* FlixUITests */ = {
			isa = PBXGroup;
			children = (
				EB2C09F523D6BCDE009F864C /* FlixUITests.swift */,
				EB2C09F723D6BCDE009F864C /* Info.plist */,
			);
			path = FlixUITests;
			sourceTree = "<group>";
		};
/* End PBXGroup section */

/* Begin PBXNativeTarget section */
		EB2C09D123D6BCDC009F864C /* Flix */ = {
			isa = PBXNativeTarget;
			buildConfigurationList = EB2C09FA23D6BCDE009F864C /* Build configuration list for PBXNativeTarget "Flix" */;
			buildPhases = (
				7FC77FC30272D3CFEBB33C7F /* [CP] Check Pods Manifest.lock */,
				EB2C09CE23D6BCDC009F864C /* Sources */,
				EB2C09CF23D6BCDC009F864C /* Frameworks */,
				EB2C09D023D6BCDC009F864C /* Resources */,
				D4B7BEB6F8C62E875ED345FE /* [CP] Embed Pods Frameworks */,
			);
			buildRules = (
			);
			dependencies = (
			);
			name = Flix;
			productName = Flix;
			productReference = EB2C09D223D6BCDC009F864C /* Flix.app */;
			productType = "com.apple.product-type.application";
		};
		EB2C09E523D6BCDE009F864C /* FlixTests */ = {
			isa = PBXNativeTarget;
			buildConfigurationList = EB2C09FD23D6BCDE009F864C /* Build configuration list for PBXNativeTarget "FlixTests" */;
			buildPhases = (
				2FF9168FD727E7DF8E0EFBD7 /* [CP] Check Pods Manifest.lock */,
				EB2C09E223D6BCDE009F864C /* Sources */,
				EB2C09E323D6BCDE009F864C /* Frameworks */,
				EB2C09E423D6BCDE009F864C /* Resources */,
			);
			buildRules = (
			);
			dependencies = (
				EB2C09E823D6BCDE009F864C /* PBXTargetDependency */,
			);
			name = FlixTests;
			productName = FlixTests;
			productReference = EB2C09E623D6BCDE009F864C /* FlixTests.xctest */;
			productType = "com.apple.product-type.bundle.unit-test";
		};
		EB2C09F023D6BCDE009F864C /* FlixUITests */ = {
			isa = PBXNativeTarget;
			buildConfigurationList = EB2C0A0023D6BCDE009F864C /* Build configuration list for PBXNativeTarget "FlixUITests" */;
			buildPhases = (
				67C1A89F02DDCAC10CFCFBFD /* [CP] Check Pods Manifest.lock */,
				EB2C09ED23D6BCDE009F864C /* Sources */,
				EB2C09EE23D6BCDE009F864C /* Frameworks */,
				EB2C09EF23D6BCDE009F864C /* Resources */,
				549D8BD25071EF684C4ED1AC /* [CP] Embed Pods Frameworks */,
			);
			buildRules = (
			);
			dependencies = (
				EB2C09F323D6BCDE009F864C /* PBXTargetDependency */,
			);
			name = FlixUITests;
			productName = FlixUITests;
			productReference = EB2C09F123D6BCDE009F864C /* FlixUITests.xctest */;
			productType = "com.apple.product-type.bundle.ui-testing";
		};
/* End PBXNativeTarget section */

/* Begin PBXProject section */
		EB2C09CA23D6BCDC009F864C /* Project object */ = {
			isa = PBXProject;
			attributes = {
				LastSwiftUpdateCheck = 1020;
				LastUpgradeCheck = 1020;
				ORGANIZATIONNAME = "Brandon Hsu @ CodePath";
				TargetAttributes = {
					EB2C09D123D6BCDC009F864C = {
						CreatedOnToolsVersion = 10.2;
					};
					EB2C09E523D6BCDE009F864C = {
						CreatedOnToolsVersion = 10.2;
						TestTargetID = EB2C09D123D6BCDC009F864C;
					};
					EB2C09F023D6BCDE009F864C = {
						CreatedOnToolsVersion = 10.2;
						TestTargetID = EB2C09D123D6BCDC009F864C;
					};
				};
			};
			buildConfigurationList = EB2C09CD23D6BCDC009F864C /* Build configuration list for PBXProject "Flix" */;
			compatibilityVersion = "Xcode 9.3";
			developmentRegion = en;
			hasScannedForEncodings = 0;
			knownRegions = (
				en,
				Base,
			);
			mainGroup = EB2C09C923D6BCDC009F864C;
			productRefGroup = EB2C09D323D6BCDC009F864C /* Products */;
			projectDirPath = "";
			projectRoot = "";
			targets = (
				EB2C09D123D6BCDC009F864C /* Flix */,
				EB2C09E523D6BCDE009F864C /* FlixTests */,
				EB2C09F023D6BCDE009F864C /* FlixUITests */,
			);
		};
/* End PBXProject section */

/* Begin PBXResourcesBuildPhase section */
		EB2C09D023D6BCDC009F864C /* Resources */ = {
			isa = PBXResourcesBuildPhase;
			buildActionMask = 2147483647;
			files = (
				EB2C09E023D6BCDD009F864C /* LaunchScreen.storyboard in Resources */,
				EB2C09DD23D6BCDD009F864C /* Assets.xcassets in Resources */,
				EB2C09DB23D6BCDC009F864C /* Main.storyboard in Resources */,
			);
			runOnlyForDeploymentPostprocessing = 0;
		};
		EB2C09E423D6BCDE009F864C /* Resources */ = {
			isa = PBXResourcesBuildPhase;
			buildActionMask = 2147483647;
			files = (
			);
			runOnlyForDeploymentPostprocessing = 0;
		};
		EB2C09EF23D6BCDE009F864C /* Resources */ = {
			isa = PBXResourcesBuildPhase;
			buildActionMask = 2147483647;
			files = (
			);
			runOnlyForDeploymentPostprocessing = 0;
		};
/* End PBXResourcesBuildPhase section */

/* Begin PBXShellScriptBuildPhase section */
		2FF9168FD727E7DF8E0EFBD7 /* [CP] Check Pods Manifest.lock */ = {
			isa = PBXShellScriptBuildPhase;
			buildActionMask = 2147483647;
			files = (
			);
			inputFileListPaths = (
			);
			inputPaths = (
				"${PODS_PODFILE_DIR_PATH}/Podfile.lock",
				"${PODS_ROOT}/Manifest.lock",
			);
			name = "[CP] Check Pods Manifest.lock";
			outputFileListPaths = (
			);
			outputPaths = (
				"$(DERIVED_FILE_DIR)/Pods-FlixTests-checkManifestLockResult.txt",
			);
			runOnlyForDeploymentPostprocessing = 0;
			shellPath = /bin/sh;
			shellScript = "diff \"${PODS_PODFILE_DIR_PATH}/Podfile.lock\" \"${PODS_ROOT}/Manifest.lock\" > /dev/null\nif [ $? != 0 ] ; then\n    # print error to STDERR\n    echo \"error: The sandbox is not in sync with the Podfile.lock. Run 'pod install' or update your CocoaPods installation.\" >&2\n    exit 1\nfi\n# This output is used by Xcode 'outputs' to avoid re-running this script phase.\necho \"SUCCESS\" > \"${SCRIPT_OUTPUT_FILE_0}\"\n";
			showEnvVarsInLog = 0;
		};
		549D8BD25071EF684C4ED1AC /* [CP] Embed Pods Frameworks */ = {
			isa = PBXShellScriptBuildPhase;
			buildActionMask = 2147483647;
			files = (
			);
			inputFileListPaths = (
				"${PODS_ROOT}/Target Support Files/Pods-Flix-FlixUITests/Pods-Flix-FlixUITests-frameworks-${CONFIGURATION}-input-files.xcfilelist",
			);
			name = "[CP] Embed Pods Frameworks";
			outputFileListPaths = (
				"${PODS_ROOT}/Target Support Files/Pods-Flix-FlixUITests/Pods-Flix-FlixUITests-frameworks-${CONFIGURATION}-output-files.xcfilelist",
			);
			runOnlyForDeploymentPostprocessing = 0;
			shellPath = /bin/sh;
			shellScript = "\"${PODS_ROOT}/Target Support Files/Pods-Flix-FlixUITests/Pods-Flix-FlixUITests-frameworks.sh\"\n";
			showEnvVarsInLog = 0;
		};
		67C1A89F02DDCAC10CFCFBFD /* [CP] Check Pods Manifest.lock */ = {
			isa = PBXShellScriptBuildPhase;
			buildActionMask = 2147483647;
			files = (
			);
			inputFileListPaths = (
			);
			inputPaths = (
				"${PODS_PODFILE_DIR_PATH}/Podfile.lock",
				"${PODS_ROOT}/Manifest.lock",
			);
			name = "[CP] Check Pods Manifest.lock";
			outputFileListPaths = (
			);
			outputPaths = (
				"$(DERIVED_FILE_DIR)/Pods-Flix-FlixUITests-checkManifestLockResult.txt",
			);
			runOnlyForDeploymentPostprocessing = 0;
			shellPath = /bin/sh;
			shellScript = "diff \"${PODS_PODFILE_DIR_PATH}/Podfile.lock\" \"${PODS_ROOT}/Manifest.lock\" > /dev/null\nif [ $? != 0 ] ; then\n    # print error to STDERR\n    echo \"error: The sandbox is not in sync with the Podfile.lock. Run 'pod install' or update your CocoaPods installation.\" >&2\n    exit 1\nfi\n# This output is used by Xcode 'outputs' to avoid re-running this script phase.\necho \"SUCCESS\" > \"${SCRIPT_OUTPUT_FILE_0}\"\n";
			showEnvVarsInLog = 0;
		};
		7FC77FC30272D3CFEBB33C7F /* [CP] Check Pods Manifest.lock */ = {
			isa = PBXShellScriptBuildPhase;
			buildActionMask = 2147483647;
			files = (
			);
			inputFileListPaths = (
			);
			inputPaths = (
				"${PODS_PODFILE_DIR_PATH}/Podfile.lock",
				"${PODS_ROOT}/Manifest.lock",
			);
			name = "[CP] Check Pods Manifest.lock";
			outputFileListPaths = (
			);
			outputPaths = (
				"$(DERIVED_FILE_DIR)/Pods-Flix-checkManifestLockResult.txt",
			);
			runOnlyForDeploymentPostprocessing = 0;
			shellPath = /bin/sh;
			shellScript = "diff \"${PODS_PODFILE_DIR_PATH}/Podfile.lock\" \"${PODS_ROOT}/Manifest.lock\" > /dev/null\nif [ $? != 0 ] ; then\n    # print error to STDERR\n    echo \"error: The sandbox is not in sync with the Podfile.lock. Run 'pod install' or update your CocoaPods installation.\" >&2\n    exit 1\nfi\n# This output is used by Xcode 'outputs' to avoid re-running this script phase.\necho \"SUCCESS\" > \"${SCRIPT_OUTPUT_FILE_0}\"\n";
			showEnvVarsInLog = 0;
		};
		D4B7BEB6F8C62E875ED345FE /* [CP] Embed Pods Frameworks */ = {
			isa = PBXShellScriptBuildPhase;
			buildActionMask = 2147483647;
			files = (
			);
			inputFileListPaths = (
				"${PODS_ROOT}/Target Support Files/Pods-Flix/Pods-Flix-frameworks-${CONFIGURATION}-input-files.xcfilelist",
			);
			name = "[CP] Embed Pods Frameworks";
			outputFileListPaths = (
				"${PODS_ROOT}/Target Support Files/Pods-Flix/Pods-Flix-frameworks-${CONFIGURATION}-output-files.xcfilelist",
			);
			runOnlyForDeploymentPostprocessing = 0;
			shellPath = /bin/sh;
			shellScript = "\"${PODS_ROOT}/Target Support Files/Pods-Flix/Pods-Flix-frameworks.sh\"\n";
			showEnvVarsInLog = 0;
		};
/* End PBXShellScriptBuildPhase section */

/* Begin PBXSourcesBuildPhase section */
		EB2C09CE23D6BCDC009F864C /* Sources */ = {
			isa = PBXSourcesBuildPhase;
			buildActionMask = 2147483647;
			files = (
				EB2C09D823D6BCDC009F864C /* ViewController.swift in Sources */,
				EB2C0A0823D6CCAF009F864C /* MovieCell.swift in Sources */,
				EB2C09D623D6BCDC009F864C /* AppDelegate.swift in Sources */,
			);
			runOnlyForDeploymentPostprocessing = 0;
		};
		EB2C09E223D6BCDE009F864C /* Sources */ = {
			isa = PBXSourcesBuildPhase;
			buildActionMask = 2147483647;
			files = (
				EB2C09EB23D6BCDE009F864C /* FlixTests.swift in Sources */,
			);
			runOnlyForDeploymentPostprocessing = 0;
		};
		EB2C09ED23D6BCDE009F864C /* Sources */ = {
			isa = PBXSourcesBuildPhase;
			buildActionMask = 2147483647;
			files = (
				EB2C09F623D6BCDE009F864C /* FlixUITests.swift in Sources */,
			);
			runOnlyForDeploymentPostprocessing = 0;
		};
/* End PBXSourcesBuildPhase section */

/* Begin PBXTargetDependency section */
		EB2C09E823D6BCDE009F864C /* PBXTargetDependency */ = {
			isa = PBXTargetDependency;
			target = EB2C09D123D6BCDC009F864C /* Flix */;
			targetProxy = EB2C09E723D6BCDE009F864C /* PBXContainerItemProxy */;
		};
		EB2C09F323D6BCDE009F864C /* PBXTargetDependency */ = {
			isa = PBXTargetDependency;
			target = EB2C09D123D6BCDC009F864C /* Flix */;
			targetProxy = EB2C09F223D6BCDE009F864C /* PBXContainerItemProxy */;
		};
/* End PBXTargetDependency section */

/* Begin PBXVariantGroup section */
		EB2C09D923D6BCDC009F864C /* Main.storyboard */ = {
			isa = PBXVariantGroup;
			children = (
				EB2C09DA23D6BCDC009F864C /* Base */,
			);
			name = Main.storyboard;
			sourceTree = "<group>";
		};
		EB2C09DE23D6BCDD009F864C /* LaunchScreen.storyboard */ = {
			isa = PBXVariantGroup;
			children = (
				EB2C09DF23D6BCDD009F864C /* Base */,
			);
			name = LaunchScreen.storyboard;
			sourceTree = "<group>";
		};
/* End PBXVariantGroup section */

/* Begin XCBuildConfiguration section */
		EB2C09F823D6BCDE009F864C /* Debug */ = {
			isa = XCBuildConfiguration;
			buildSettings = {
				ALWAYS_SEARCH_USER_PATHS = NO;
				CLANG_ANALYZER_NONNULL = YES;
				CLANG_ANALYZER_NUMBER_OBJECT_CONVERSION = YES_AGGRESSIVE;
				CLANG_CXX_LANGUAGE_STANDARD = "gnu++14";
				CLANG_CXX_LIBRARY = "libc++";
				CLANG_ENABLE_MODULES = YES;
				CLANG_ENABLE_OBJC_ARC = YES;
				CLANG_ENABLE_OBJC_WEAK = YES;
				CLANG_WARN_BLOCK_CAPTURE_AUTORELEASING = YES;
				CLANG_WARN_BOOL_CONVERSION = YES;
				CLANG_WARN_COMMA = YES;
				CLANG_WARN_CONSTANT_CONVERSION = YES;
				CLANG_WARN_DEPRECATED_OBJC_IMPLEMENTATIONS = YES;
				CLANG_WARN_DIRECT_OBJC_ISA_USAGE = YES_ERROR;
				CLANG_WARN_DOCUMENTATION_COMMENTS = YES;
				CLANG_WARN_EMPTY_BODY = YES;
				CLANG_WARN_ENUM_CONVERSION = YES;
				CLANG_WARN_INFINITE_RECURSION = YES;
				CLANG_WARN_INT_CONVERSION = YES;
				CLANG_WARN_NON_LITERAL_NULL_CONVERSION = YES;
				CLANG_WARN_OBJC_IMPLICIT_RETAIN_SELF = YES;
				CLANG_WARN_OBJC_LITERAL_CONVERSION = YES;
				CLANG_WARN_OBJC_ROOT_CLASS = YES_ERROR;
				CLANG_WARN_RANGE_LOOP_ANALYSIS = YES;
				CLANG_WARN_STRICT_PROTOTYPES = YES;
				CLANG_WARN_SUSPICIOUS_MOVE = YES;
				CLANG_WARN_UNGUARDED_AVAILABILITY = YES_AGGRESSIVE;
				CLANG_WARN_UNREACHABLE_CODE = YES;
				CLANG_WARN__DUPLICATE_METHOD_MATCH = YES;
				CODE_SIGN_IDENTITY = "iPhone Developer";
				COPY_PHASE_STRIP = NO;
				DEBUG_INFORMATION_FORMAT = dwarf;
				ENABLE_STRICT_OBJC_MSGSEND = YES;
				ENABLE_TESTABILITY = YES;
				GCC_C_LANGUAGE_STANDARD = gnu11;
				GCC_DYNAMIC_NO_PIC = NO;
				GCC_NO_COMMON_BLOCKS = YES;
				GCC_OPTIMIZATION_LEVEL = 0;
				GCC_PREPROCESSOR_DEFINITIONS = (
					"DEBUG=1",
					"$(inherited)",
				);
				GCC_WARN_64_TO_32_BIT_CONVERSION = YES;
				GCC_WARN_ABOUT_RETURN_TYPE = YES_ERROR;
				GCC_WARN_UNDECLARED_SELECTOR = YES;
				GCC_WARN_UNINITIALIZED_AUTOS = YES_AGGRESSIVE;
				GCC_WARN_UNUSED_FUNCTION = YES;
				GCC_WARN_UNUSED_VARIABLE = YES;
				IPHONEOS_DEPLOYMENT_TARGET = 12.2;
				MTL_ENABLE_DEBUG_INFO = INCLUDE_SOURCE;
				MTL_FAST_MATH = YES;
				ONLY_ACTIVE_ARCH = YES;
				SDKROOT = iphoneos;
				SWIFT_ACTIVE_COMPILATION_CONDITIONS = DEBUG;
				SWIFT_OPTIMIZATION_LEVEL = "-Onone";
			};
			name = Debug;
		};
		EB2C09F923D6BCDE009F864C /* Release */ = {
			isa = XCBuildConfiguration;
			buildSettings = {
				ALWAYS_SEARCH_USER_PATHS = NO;
				CLANG_ANALYZER_NONNULL = YES;
				CLANG_ANALYZER_NUMBER_OBJECT_CONVERSION = YES_AGGRESSIVE;
				CLANG_CXX_LANGUAGE_STANDARD = "gnu++14";
				CLANG_CXX_LIBRARY = "libc++";
				CLANG_ENABLE_MODULES = YES;
				CLANG_ENABLE_OBJC_ARC = YES;
				CLANG_ENABLE_OBJC_WEAK = YES;
				CLANG_WARN_BLOCK_CAPTURE_AUTORELEASING = YES;
				CLANG_WARN_BOOL_CONVERSION = YES;
				CLANG_WARN_COMMA = YES;
				CLANG_WARN_CONSTANT_CONVERSION = YES;
				CLANG_WARN_DEPRECATED_OBJC_IMPLEMENTATIONS = YES;
				CLANG_WARN_DIRECT_OBJC_ISA_USAGE = YES_ERROR;
				CLANG_WARN_DOCUMENTATION_COMMENTS = YES;
				CLANG_WARN_EMPTY_BODY = YES;
				CLANG_WARN_ENUM_CONVERSION = YES;
				CLANG_WARN_INFINITE_RECURSION = YES;
				CLANG_WARN_INT_CONVERSION = YES;
				CLANG_WARN_NON_LITERAL_NULL_CONVERSION = YES;
				CLANG_WARN_OBJC_IMPLICIT_RETAIN_SELF = YES;
				CLANG_WARN_OBJC_LITERAL_CONVERSION = YES;
				CLANG_WARN_OBJC_ROOT_CLASS = YES_ERROR;
				CLANG_WARN_RANGE_LOOP_ANALYSIS = YES;
				CLANG_WARN_STRICT_PROTOTYPES = YES;
				CLANG_WARN_SUSPICIOUS_MOVE = YES;
				CLANG_WARN_UNGUARDED_AVAILABILITY = YES_AGGRESSIVE;
				CLANG_WARN_UNREACHABLE_CODE = YES;
				CLANG_WARN__DUPLICATE_METHOD_MATCH = YES;
				CODE_SIGN_IDENTITY = "iPhone Developer";
				COPY_PHASE_STRIP = NO;
				DEBUG_INFORMATION_FORMAT = "dwarf-with-dsym";
				ENABLE_NS_ASSERTIONS = NO;
				ENABLE_STRICT_OBJC_MSGSEND = YES;
				GCC_C_LANGUAGE_STANDARD = gnu11;
				GCC_NO_COMMON_BLOCKS = YES;
				GCC_WARN_64_TO_32_BIT_CONVERSION = YES;
				GCC_WARN_ABOUT_RETURN_TYPE = YES_ERROR;
				GCC_WARN_UNDECLARED_SELECTOR = YES;
				GCC_WARN_UNINITIALIZED_AUTOS = YES_AGGRESSIVE;
				GCC_WARN_UNUSED_FUNCTION = YES;
				GCC_WARN_UNUSED_VARIABLE = YES;
				IPHONEOS_DEPLOYMENT_TARGET = 12.2;
				MTL_ENABLE_DEBUG_INFO = NO;
				MTL_FAST_MATH = YES;
				SDKROOT = iphoneos;
				SWIFT_COMPILATION_MODE = wholemodule;
				SWIFT_OPTIMIZATION_LEVEL = "-O";
				VALIDATE_PRODUCT = YES;
			};
			name = Release;
		};
		EB2C09FB23D6BCDE009F864C /* Debug */ = {
			isa = XCBuildConfiguration;
			baseConfigurationReference = 89E77E14FCB1240292D8D1E7 /* Pods-Flix.debug.xcconfig */;
			buildSettings = {
				ASSETCATALOG_COMPILER_APPICON_NAME = AppIcon;
				CODE_SIGN_STYLE = Automatic;
				INFOPLIST_FILE = Flix/Info.plist;
				LD_RUNPATH_SEARCH_PATHS = (
					"$(inherited)",
					"@executable_path/Frameworks",
				);
				PRODUCT_BUNDLE_IDENTIFIER = BrandHsu.Flix;
				PRODUCT_NAME = "$(TARGET_NAME)";
				SWIFT_VERSION = 5.0;
				TARGETED_DEVICE_FAMILY = "1,2";
			};
			name = Debug;
		};
		EB2C09FC23D6BCDE009F864C /* Release */ = {
			isa = XCBuildConfiguration;
			baseConfigurationReference = 29FF5F5BC9BBCCCC0FE2BB43 /* Pods-Flix.release.xcconfig */;
			buildSettings = {
				ASSETCATALOG_COMPILER_APPICON_NAME = AppIcon;
				CODE_SIGN_STYLE = Automatic;
				INFOPLIST_FILE = Flix/Info.plist;
				LD_RUNPATH_SEARCH_PATHS = (
					"$(inherited)",
					"@executable_path/Frameworks",
				);
				PRODUCT_BUNDLE_IDENTIFIER = BrandHsu.Flix;
				PRODUCT_NAME = "$(TARGET_NAME)";
				SWIFT_VERSION = 5.0;
				TARGETED_DEVICE_FAMILY = "1,2";
			};
			name = Release;
		};
		EB2C09FE23D6BCDE009F864C /* Debug */ = {
			isa = XCBuildConfiguration;
			baseConfigurationReference = E6226539785DEF18D4A2450C /* Pods-FlixTests.debug.xcconfig */;
			buildSettings = {
				ALWAYS_EMBED_SWIFT_STANDARD_LIBRARIES = YES;
				BUNDLE_LOADER = "$(TEST_HOST)";
				CODE_SIGN_STYLE = Automatic;
				INFOPLIST_FILE = FlixTests/Info.plist;
				LD_RUNPATH_SEARCH_PATHS = (
					"$(inherited)",
					"@executable_path/Frameworks",
					"@loader_path/Frameworks",
				);
				PRODUCT_BUNDLE_IDENTIFIER = BrandHsu.FlixTests;
				PRODUCT_NAME = "$(TARGET_NAME)";
				SWIFT_VERSION = 5.0;
				TARGETED_DEVICE_FAMILY = "1,2";
				TEST_HOST = "$(BUILT_PRODUCTS_DIR)/Flix.app/Flix";
			};
			name = Debug;
		};
		EB2C09FF23D6BCDE009F864C /* Release */ = {
			isa = XCBuildConfiguration;
			baseConfigurationReference = CE6745814672D292F8F86476 /* Pods-FlixTests.release.xcconfig */;
			buildSettings = {
				ALWAYS_EMBED_SWIFT_STANDARD_LIBRARIES = YES;
				BUNDLE_LOADER = "$(TEST_HOST)";
				CODE_SIGN_STYLE = Automatic;
				INFOPLIST_FILE = FlixTests/Info.plist;
				LD_RUNPATH_SEARCH_PATHS = (
					"$(inherited)",
					"@executable_path/Frameworks",
					"@loader_path/Frameworks",
				);
				PRODUCT_BUNDLE_IDENTIFIER = BrandHsu.FlixTests;
				PRODUCT_NAME = "$(TARGET_NAME)";
				SWIFT_VERSION = 5.0;
				TARGETED_DEVICE_FAMILY = "1,2";
				TEST_HOST = "$(BUILT_PRODUCTS_DIR)/Flix.app/Flix";
			};
			name = Release;
		};
		EB2C0A0123D6BCDE009F864C /* Debug */ = {
			isa = XCBuildConfiguration;
			baseConfigurationReference = 83C75DBD86C4B5CDD6E43D5A /* Pods-Flix-FlixUITests.debug.xcconfig */;
			buildSettings = {
				ALWAYS_EMBED_SWIFT_STANDARD_LIBRARIES = YES;
				CODE_SIGN_STYLE = Automatic;
				INFOPLIST_FILE = FlixUITests/Info.plist;
				LD_RUNPATH_SEARCH_PATHS = (
					"$(inherited)",
					"@executable_path/Frameworks",
					"@loader_path/Frameworks",
				);
				PRODUCT_BUNDLE_IDENTIFIER = BrandHsu.FlixUITests;
				PRODUCT_NAME = "$(TARGET_NAME)";
				SWIFT_VERSION = 5.0;
				TARGETED_DEVICE_FAMILY = "1,2";
				TEST_TARGET_NAME = Flix;
			};
			name = Debug;
		};
		EB2C0A0223D6BCDE009F864C /* Release */ = {
			isa = XCBuildConfiguration;
			baseConfigurationReference = 7BCD3B27D21BBD7F0A028EF0 /* Pods-Flix-FlixUITests.release.xcconfig */;
			buildSettings = {
				ALWAYS_EMBED_SWIFT_STANDARD_LIBRARIES = YES;
				CODE_SIGN_STYLE = Automatic;
				INFOPLIST_FILE = FlixUITests/Info.plist;
				LD_RUNPATH_SEARCH_PATHS = (
					"$(inherited)",
					"@executable_path/Frameworks",
					"@loader_path/Frameworks",
				);
				PRODUCT_BUNDLE_IDENTIFIER = BrandHsu.FlixUITests;
				PRODUCT_NAME = "$(TARGET_NAME)";
				SWIFT_VERSION = 5.0;
				TARGETED_DEVICE_FAMILY = "1,2";
				TEST_TARGET_NAME = Flix;
			};
			name = Release;
		};
/* End XCBuildConfiguration section */

/* Begin XCConfigurationList section */
		EB2C09CD23D6BCDC009F864C /* Build configuration list for PBXProject "Flix" */ = {
			isa = XCConfigurationList;
			buildConfigurations = (
				EB2C09F823D6BCDE009F864C /* Debug */,
				EB2C09F923D6BCDE009F864C /* Release */,
			);
			defaultConfigurationIsVisible = 0;
			defaultConfigurationName = Release;
		};
		EB2C09FA23D6BCDE009F864C /* Build configuration list for PBXNativeTarget "Flix" */ = {
			isa = XCConfigurationList;
			buildConfigurations = (
				EB2C09FB23D6BCDE009F864C /* Debug */,
				EB2C09FC23D6BCDE009F864C /* Release */,
			);
			defaultConfigurationIsVisible = 0;
			defaultConfigurationName = Release;
		};
		EB2C09FD23D6BCDE009F864C /* Build configuration list for PBXNativeTarget "FlixTests" */ = {
			isa = XCConfigurationList;
			buildConfigurations = (
				EB2C09FE23D6BCDE009F864C /* Debug */,
				EB2C09FF23D6BCDE009F864C /* Release */,
			);
			defaultConfigurationIsVisible = 0;
			defaultConfigurationName = Release;
		};
		EB2C0A0023D6BCDE009F864C /* Build configuration list for PBXNativeTarget "FlixUITests" */ = {
			isa = XCConfigurationList;
			buildConfigurations = (
				EB2C0A0123D6BCDE009F864C /* Debug */,
				EB2C0A0223D6BCDE009F864C /* Release */,
			);
			defaultConfigurationIsVisible = 0;
			defaultConfigurationName = Release;
		};
/* End XCConfigurationList section */
	};
	rootObject = EB2C09CA23D6BCDC009F864C /* Project object */;
}
